// !$*UTF8*$!
{
	archiveVersion = 1;
	classes = {
	};
	objectVersion = 56;
	objects = {

/* Begin PBXBuildFile section */
		C852CF3C2B702669006D7C00 /* libglfw.3.3.dylib in CopyFiles */ = {isa = PBXBuildFile; fileRef = C89CC7B32B70231500483CFA /* libglfw.3.3.dylib */; };
		C852CF3D2B702669006D7C00 /* libvulkan.1.dylib in CopyFiles */ = {isa = PBXBuildFile; fileRef = C89CC7B12B70227C00483CFA /* libvulkan.1.dylib */; };
		C852CF3E2B702669006D7C00 /* libvulkan.1.3.275.dylib in CopyFiles */ = {isa = PBXBuildFile; fileRef = C89CC7AF2B70227500483CFA /* libvulkan.1.3.275.dylib */; };
		C89CC7B02B70227500483CFA /* libvulkan.1.3.275.dylib in Frameworks */ = {isa = PBXBuildFile; fileRef = C89CC7AF2B70227500483CFA /* libvulkan.1.3.275.dylib */; };
		C89CC7B22B70227C00483CFA /* libvulkan.1.dylib in Frameworks */ = {isa = PBXBuildFile; fileRef = C89CC7B12B70227C00483CFA /* libvulkan.1.dylib */; };
		C89CC7B42B70231500483CFA /* libglfw.3.3.dylib in Frameworks */ = {isa = PBXBuildFile; fileRef = C89CC7B32B70231500483CFA /* libglfw.3.3.dylib */; };
		C8FB3A582B6D447200EBE599 /* main.cpp in Sources */ = {isa = PBXBuildFile; fileRef = C8FB3A572B6D447200EBE599 /* main.cpp */; };
/* End PBXBuildFile section */

/* Begin PBXCopyFilesBuildPhase section */
		C8FB3A522B6D447200EBE599 /* CopyFiles */ = {
			isa = PBXCopyFilesBuildPhase;
			buildActionMask = 12;
			dstPath = "";
			dstSubfolderSpec = 10;
			files = (
				C852CF3C2B702669006D7C00 /* libglfw.3.3.dylib in CopyFiles */,
				C852CF3D2B702669006D7C00 /* libvulkan.1.dylib in CopyFiles */,
				C852CF3E2B702669006D7C00 /* libvulkan.1.3.275.dylib in CopyFiles */,
			);
			runOnlyForDeploymentPostprocessing = 0;
		};
/* End PBXCopyFilesBuildPhase section */

/* Begin PBXFileReference section */
		C813E8D32BD6F5120040EAAA /* physicalDevice.hpp */ = {isa = PBXFileReference; lastKnownFileType = sourcecode.cpp.h; path = physicalDevice.hpp; sourceTree = "<group>"; };
		C89CC7AF2B70227500483CFA /* libvulkan.1.3.275.dylib */ = {isa = PBXFileReference; lastKnownFileType = "compiled.mach-o.dylib"; name = libvulkan.1.3.275.dylib; path = ../../../../VulkanSDK/macOS/lib/libvulkan.1.3.275.dylib; sourceTree = "<group>"; };
		C89CC7B12B70227C00483CFA /* libvulkan.1.dylib */ = {isa = PBXFileReference; lastKnownFileType = "compiled.mach-o.dylib"; name = libvulkan.1.dylib; path = ../../../../VulkanSDK/macOS/lib/libvulkan.1.dylib; sourceTree = "<group>"; };
		C89CC7B32B70231500483CFA /* libglfw.3.3.dylib */ = {isa = PBXFileReference; lastKnownFileType = "compiled.mach-o.dylib"; name = libglfw.3.3.dylib; path = ../../../../../../opt/homebrew/Cellar/glfw/3.3.9/lib/libglfw.3.3.dylib; sourceTree = "<group>"; };
		C8FB3A542B6D447200EBE599 /* VulkanTutorial */ = {isa = PBXFileReference; explicitFileType = "compiled.mach-o.executable"; includeInIndex = 0; path = VulkanTutorial; sourceTree = BUILT_PRODUCTS_DIR; };
		C8FB3A572B6D447200EBE599 /* main.cpp */ = {isa = PBXFileReference; lastKnownFileType = sourcecode.cpp.cpp; path = main.cpp; sourceTree = "<group>"; };
/* End PBXFileReference section */

/* Begin PBXFrameworksBuildPhase section */
		C8FB3A512B6D447200EBE599 /* Frameworks */ = {
			isa = PBXFrameworksBuildPhase;
			buildActionMask = 2147483647;
			files = (
				C89CC7B42B70231500483CFA /* libglfw.3.3.dylib in Frameworks */,
				C89CC7B02B70227500483CFA /* libvulkan.1.3.275.dylib in Frameworks */,
				C89CC7B22B70227C00483CFA /* libvulkan.1.dylib in Frameworks */,
			);
			runOnlyForDeploymentPostprocessing = 0;
		};
/* End PBXFrameworksBuildPhase section */

/* Begin PBXGroup section */
		C89CC7AE2B70227500483CFA /* Frameworks */ = {
			isa = PBXGroup;
			children = (
				C89CC7B32B70231500483CFA /* libglfw.3.3.dylib */,
				C89CC7B12B70227C00483CFA /* libvulkan.1.dylib */,
				C89CC7AF2B70227500483CFA /* libvulkan.1.3.275.dylib */,
			);
			name = Frameworks;
			sourceTree = "<group>";
		};
		C8FB3A4B2B6D447200EBE599 = {
			isa = PBXGroup;
			children = (
				C8FB3A562B6D447200EBE599 /* VulkanTutorial */,
				C8FB3A552B6D447200EBE599 /* Products */,
				C89CC7AE2B70227500483CFA /* Frameworks */,
			);
			sourceTree = "<group>";
		};
		C8FB3A552B6D447200EBE599 /* Products */ = {
			isa = PBXGroup;
			children = (
				C8FB3A542B6D447200EBE599 /* VulkanTutorial */,
			);
			name = Products;
			sourceTree = "<group>";
		};
		C8FB3A562B6D447200EBE599 /* VulkanTutorial */ = {
			isa = PBXGroup;
			children = (
				C8FB3A572B6D447200EBE599 /* main.cpp */,
				C813E8D32BD6F5120040EAAA /* physicalDevice.hpp */,
			);
			path = VulkanTutorial;
			sourceTree = "<group>";
		};
/* End PBXGroup section */

/* Begin PBXNativeTarget section */
		C8FB3A532B6D447200EBE599 /* VulkanTutorial */ = {
			isa = PBXNativeTarget;
			buildConfigurationList = C8FB3A5B2B6D447200EBE599 /* Build configuration list for PBXNativeTarget "VulkanTutorial" */;
			buildPhases = (
				C8FB3A502B6D447200EBE599 /* Sources */,
				C8FB3A512B6D447200EBE599 /* Frameworks */,
				C8FB3A522B6D447200EBE599 /* CopyFiles */,
			);
			buildRules = (
			);
			dependencies = (
			);
			name = VulkanTutorial;
			productName = VulkanTutorial;
			productReference = C8FB3A542B6D447200EBE599 /* VulkanTutorial */;
			productType = "com.apple.product-type.tool";
		};
/* End PBXNativeTarget section */

/* Begin PBXProject section */
		C8FB3A4C2B6D447200EBE599 /* Project object */ = {
			isa = PBXProject;
			attributes = {
				BuildIndependentTargetsInParallel = 1;
				LastUpgradeCheck = 1500;
				TargetAttributes = {
					C8FB3A532B6D447200EBE599 = {
						CreatedOnToolsVersion = 15.0;
					};
				};
			};
			buildConfigurationList = C8FB3A4F2B6D447200EBE599 /* Build configuration list for PBXProject "VulkanTutorial" */;
			compatibilityVersion = "Xcode 14.0";
			developmentRegion = en;
			hasScannedForEncodings = 0;
			knownRegions = (
				en,
				Base,
			);
			mainGroup = C8FB3A4B2B6D447200EBE599;
			productRefGroup = C8FB3A552B6D447200EBE599 /* Products */;
			projectDirPath = "";
			projectRoot = "";
			targets = (
				C8FB3A532B6D447200EBE599 /* VulkanTutorial */,
			);
		};
/* End PBXProject section */

/* Begin PBXSourcesBuildPhase section */
		C8FB3A502B6D447200EBE599 /* Sources */ = {
			isa = PBXSourcesBuildPhase;
			buildActionMask = 2147483647;
			files = (
				C8FB3A582B6D447200EBE599 /* main.cpp in Sources */,
			);
			runOnlyForDeploymentPostprocessing = 0;
		};
/* End PBXSourcesBuildPhase section */

/* Begin XCBuildConfiguration section */
		C8FB3A592B6D447200EBE599 /* Debug */ = {
			isa = XCBuildConfiguration;
			buildSettings = {
				ALWAYS_SEARCH_USER_PATHS = NO;
				ASSETCATALOG_COMPILER_GENERATE_SWIFT_ASSET_SYMBOL_EXTENSIONS = YES;
				CLANG_ANALYZER_NONNULL = YES;
				CLANG_ANALYZER_NUMBER_OBJECT_CONVERSION = YES_AGGRESSIVE;
				CLANG_CXX_LANGUAGE_STANDARD = "gnu++20";
				CLANG_ENABLE_MODULES = YES;
				CLANG_ENABLE_OBJC_ARC = YES;
				CLANG_ENABLE_OBJC_WEAK = YES;
				CLANG_WARN_BLOCK_CAPTURE_AUTORELEASING = YES;
				CLANG_WARN_BOOL_CONVERSION = YES;
				CLANG_WARN_COMMA = YES;
				CLANG_WARN_CONSTANT_CONVERSION = YES;
				CLANG_WARN_DEPRECATED_OBJC_IMPLEMENTATIONS = YES;
				CLANG_WARN_DIRECT_OBJC_ISA_USAGE = YES_ERROR;
				CLANG_WARN_DOCUMENTATION_COMMENTS = YES;
				CLANG_WARN_EMPTY_BODY = YES;
				CLANG_WARN_ENUM_CONVERSION = YES;
				CLANG_WARN_INFINITE_RECURSION = YES;
				CLANG_WARN_INT_CONVERSION = YES;
				CLANG_WARN_NON_LITERAL_NULL_CONVERSION = YES;
				CLANG_WARN_OBJC_IMPLICIT_RETAIN_SELF = YES;
				CLANG_WARN_OBJC_LITERAL_CONVERSION = YES;
				CLANG_WARN_OBJC_ROOT_CLASS = YES_ERROR;
				CLANG_WARN_QUOTED_INCLUDE_IN_FRAMEWORK_HEADER = YES;
				CLANG_WARN_RANGE_LOOP_ANALYSIS = YES;
				CLANG_WARN_STRICT_PROTOTYPES = YES;
				CLANG_WARN_SUSPICIOUS_MOVE = YES;
				CLANG_WARN_UNGUARDED_AVAILABILITY = YES_AGGRESSIVE;
				CLANG_WARN_UNREACHABLE_CODE = YES;
				CLANG_WARN__DUPLICATE_METHOD_MATCH = YES;
				COPY_PHASE_STRIP = NO;
				DEBUG_INFORMATION_FORMAT = dwarf;
				ENABLE_STRICT_OBJC_MSGSEND = YES;
				ENABLE_TESTABILITY = YES;
				ENABLE_USER_SCRIPT_SANDBOXING = YES;
				GCC_C_LANGUAGE_STANDARD = gnu17;
				GCC_DYNAMIC_NO_PIC = NO;
				GCC_NO_COMMON_BLOCKS = YES;
				GCC_OPTIMIZATION_LEVEL = 0;
				GCC_PREPROCESSOR_DEFINITIONS = (
					"DEBUG=1",
					"$(inherited)",
				);
				GCC_WARN_64_TO_32_BIT_CONVERSION = YES;
				GCC_WARN_ABOUT_RETURN_TYPE = YES_ERROR;
				GCC_WARN_UNDECLARED_SELECTOR = YES;
				GCC_WARN_UNINITIALIZED_AUTOS = YES_AGGRESSIVE;
				GCC_WARN_UNUSED_FUNCTION = YES;
				GCC_WARN_UNUSED_VARIABLE = YES;
				HEADER_SEARCH_PATHS = (
					/opts/homebrew/Cellar/glfw/3.3.9/include,
					/Users/komolehin/VulkanSDK/macOS/include,
				);
				LIBRARY_SEARCH_PATHS = (
					/Users/komolehin/VulkanSDK/macOS/lib,
					/opts/homebrew/Cellar/glfw/3.3.9/lib,
				);
				LOCALIZATION_PREFERS_STRING_CATALOGS = YES;
				MACOSX_DEPLOYMENT_TARGET = 14.0;
				MTL_ENABLE_DEBUG_INFO = INCLUDE_SOURCE;
				MTL_FAST_MATH = YES;
				ONLY_ACTIVE_ARCH = YES;
				SDKROOT = macosx;
			};
			name = Debug;
		};
		C8FB3A5A2B6D447200EBE599 /* Release */ = {
			isa = XCBuildConfiguration;
			buildSettings = {
				ALWAYS_SEARCH_USER_PATHS = NO;
				ASSETCATALOG_COMPILER_GENERATE_SWIFT_ASSET_SYMBOL_EXTENSIONS = YES;
				CLANG_ANALYZER_NONNULL = YES;
				CLANG_ANALYZER_NUMBER_OBJECT_CONVERSION = YES_AGGRESSIVE;
				CLANG_CXX_LANGUAGE_STANDARD = "gnu++20";
				CLANG_ENABLE_MODULES = YES;
				CLANG_ENABLE_OBJC_ARC = YES;
				CLANG_ENABLE_OBJC_WEAK = YES;
				CLANG_WARN_BLOCK_CAPTURE_AUTORELEASING = YES;
				CLANG_WARN_BOOL_CONVERSION = YES;
				CLANG_WARN_COMMA = YES;
				CLANG_WARN_CONSTANT_CONVERSION = YES;
				CLANG_WARN_DEPRECATED_OBJC_IMPLEMENTATIONS = YES;
				CLANG_WARN_DIRECT_OBJC_ISA_USAGE = YES_ERROR;
				CLANG_WARN_DOCUMENTATION_COMMENTS = YES;
				CLANG_WARN_EMPTY_BODY = YES;
				CLANG_WARN_ENUM_CONVERSION = YES;
				CLANG_WARN_INFINITE_RECURSION = YES;
				CLANG_WARN_INT_CONVERSION = YES;
				CLANG_WARN_NON_LITERAL_NULL_CONVERSION = YES;
				CLANG_WARN_OBJC_IMPLICIT_RETAIN_SELF = YES;
				CLANG_WARN_OBJC_LITERAL_CONVERSION = YES;
				CLANG_WARN_OBJC_ROOT_CLASS = YES_ERROR;
				CLANG_WARN_QUOTED_INCLUDE_IN_FRAMEWORK_HEADER = YES;
				CLANG_WARN_RANGE_LOOP_ANALYSIS = YES;
				CLANG_WARN_STRICT_PROTOTYPES = YES;
				CLANG_WARN_SUSPICIOUS_MOVE = YES;
				CLANG_WARN_UNGUARDED_AVAILABILITY = YES_AGGRESSIVE;
				CLANG_WARN_UNREACHABLE_CODE = YES;
				CLANG_WARN__DUPLICATE_METHOD_MATCH = YES;
				COPY_PHASE_STRIP = NO;
				DEBUG_INFORMATION_FORMAT = "dwarf-with-dsym";
				ENABLE_NS_ASSERTIONS = NO;
				ENABLE_STRICT_OBJC_MSGSEND = YES;
				ENABLE_USER_SCRIPT_SANDBOXING = YES;
				GCC_C_LANGUAGE_STANDARD = gnu17;
				GCC_NO_COMMON_BLOCKS = YES;
				GCC_WARN_64_TO_32_BIT_CONVERSION = YES;
				GCC_WARN_ABOUT_RETURN_TYPE = YES_ERROR;
				GCC_WARN_UNDECLARED_SELECTOR = YES;
				GCC_WARN_UNINITIALIZED_AUTOS = YES_AGGRESSIVE;
				GCC_WARN_UNUSED_FUNCTION = YES;
				GCC_WARN_UNUSED_VARIABLE = YES;
				LOCALIZATION_PREFERS_STRING_CATALOGS = YES;
				MACOSX_DEPLOYMENT_TARGET = 14.0;
				MTL_ENABLE_DEBUG_INFO = NO;
				MTL_FAST_MATH = YES;
				SDKROOT = macosx;
			};
			name = Release;
		};
		C8FB3A5C2B6D447200EBE599 /* Debug */ = {
			isa = XCBuildConfiguration;
			buildSettings = {
				CODE_SIGN_STYLE = Automatic;
				HEADER_SEARCH_PATHS = (
					/opt/homebrew/Cellar/glfw/3.3.9/include,
					/Users/komolehin/VulkanSDK/macOS/include,
				);
				LIBRARY_SEARCH_PATHS = (
					/opt/homebrew/Cellar/glfw/3.3.9/lib,
					/Users/komolehin/VulkanSDK/macOS/lib,
				);
				PRODUCT_NAME = "$(TARGET_NAME)";
			};
			name = Debug;
		};
		C8FB3A5D2B6D447200EBE599 /* Release */ = {
			isa = XCBuildConfiguration;
			buildSettings = {
				CODE_SIGN_STYLE = Automatic;
				HEADER_SEARCH_PATHS = "";
				"HEADER_SEARCH_PATHS[arch=*]" = "";
				LIBRARY_SEARCH_PATHS = /opt/homebrew/Cellar/glfw/3.3.9/lib;
				PRODUCT_NAME = "$(TARGET_NAME)";
			};
			name = Release;
		};
/* End XCBuildConfiguration section */

/* Begin XCConfigurationList section */
		C8FB3A4F2B6D447200EBE599 /* Build configuration list for PBXProject "VulkanTutorial" */ = {
			isa = XCConfigurationList;
			buildConfigurations = (
				C8FB3A592B6D447200EBE599 /* Debug */,
				C8FB3A5A2B6D447200EBE599 /* Release */,
			);
			defaultConfigurationIsVisible = 0;
			defaultConfigurationName = Release;
		};
		C8FB3A5B2B6D447200EBE599 /* Build configuration list for PBXNativeTarget "VulkanTutorial" */ = {
			isa = XCConfigurationList;
			buildConfigurations = (
				C8FB3A5C2B6D447200EBE599 /* Debug */,
				C8FB3A5D2B6D447200EBE599 /* Release */,
			);
			defaultConfigurationIsVisible = 0;
			defaultConfigurationName = Release;
		};
/* End XCConfigurationList section */
	};
	rootObject = C8FB3A4C2B6D447200EBE599 /* Project object */;
}
